
Microsoft Visual Studio Solution File, Format Version 12.00
# Visual Studio 15
VisualStudioVersion = 15.0.27004.2009
MinimumVisualStudioVersion = 10.0.40219.1
Project("{2150E333-8FDC-42A3-9474-1A3956D46DE8}") = "Solution Items", "Solution Items", "{D8EE45D4-F1C9-44F2-856A-74711B47E2D8}"
	ProjectSection(SolutionItems) = preProject
		..\.travis.yml = ..\.travis.yml
		..\readme.md = ..\readme.md
	EndProjectSection
EndProject
Project("{9A19103F-16F7-4668-BE54-9A1E7A4F7556}") = "Serpent.Chain", "Serpent.Chain\Serpent.Chain.csproj", "{DD348920-11C2-4396-B971-D27982E5AB1C}"
EndProject
Project("{9A19103F-16F7-4668-BE54-9A1E7A4F7556}") = "Serpent.Chain.Tests", "Serpent.Chain.Tests\Serpent.Chain.Tests.csproj", "{95C23A94-F87A-483C-A258-DF6802618CA8}"
EndProject
Project("{FAE04EC0-301F-11D3-BF4B-00C04F79EFBC}") = "Serpent.Chain.Samples", "Serpent.Chain.Samples\Serpent.Chain.Samples.csproj", "{7C6EFE5E-8C23-4D69-81A0-648178CA906A}"
EndProject
Global
	GlobalSection(SolutionConfigurationPlatforms) = preSolution
		Debug|Any CPU = Debug|Any CPU
		Release|Any CPU = Release|Any CPU
	EndGlobalSection
	GlobalSection(ProjectConfigurationPlatforms) = postSolution
		{DD348920-11C2-4396-B971-D27982E5AB1C}.Debug|Any CPU.ActiveCfg = Debug|Any CPU
		{DD348920-11C2-4396-B971-D27982E5AB1C}.Debug|Any CPU.Build.0 = Debug|Any CPU
		{DD348920-11C2-4396-B971-D27982E5AB1C}.Release|Any CPU.ActiveCfg = Release|Any CPU
		{DD348920-11C2-4396-B971-D27982E5AB1C}.Release|Any CPU.Build.0 = Release|Any CPU
		{95C23A94-F87A-483C-A258-DF6802618CA8}.Debug|Any CPU.ActiveCfg = Debug|Any CPU
		{95C23A94-F87A-483C-A258-DF6802618CA8}.Debug|Any CPU.Build.0 = Debug|Any CPU
		{95C23A94-F87A-483C-A258-DF6802618CA8}.Release|Any CPU.ActiveCfg = Release|Any CPU
		{95C23A94-F87A-483C-A258-DF6802618CA8}.Release|Any CPU.Build.0 = Release|Any CPU
		{7C6EFE5E-8C23-4D69-81A0-648178CA906A}.Debug|Any CPU.ActiveCfg = Debug|Any CPU
		{7C6EFE5E-8C23-4D69-81A0-648178CA906A}.Debug|Any CPU.Build.0 = Debug|Any CPU
		{7C6EFE5E-8C23-4D69-81A0-648178CA906A}.Release|Any CPU.ActiveCfg = Release|Any CPU
		{7C6EFE5E-8C23-4D69-81A0-648178CA906A}.Release|Any CPU.Build.0 = Release|Any CPU
	EndGlobalSection
	GlobalSection(SolutionProperties) = preSolution
		HideSolutionNode = FALSE
	EndGlobalSection
	GlobalSection(ExtensibilityGlobals) = postSolution
		SolutionGuid = {3A6368F4-3DB6-4B16-B008-CE2672CEBF44}
	EndGlobalSection
EndGlobal
